
Microsoft Visual Studio Solution File, Format Version 12.00
# Visual Studio Version 16
VisualStudioVersion = 16.0.30907.101
MinimumVisualStudioVersion = 10.0.40219.1
Project("{9A19103F-16F7-4668-BE54-9A1E7A4F7556}") = "SF.UML", "SF\SF.UML.csproj", "{C5561B65-ABD5-476D-8C13-8EF084563DA9}"
EndProject
Project("{FAE04EC0-301F-11D3-BF4B-00C04F79EFBC}") = "AlgoritmBuble", "Algoritm\AlgoritmBuble.csproj", "{C2543959-F14D-4048-842E-5729287846E3}"
EndProject
Project("{FAE04EC0-301F-11D3-BF4B-00C04F79EFBC}") = "SF.Collection", "SF.Collection\SF.Collection.csproj", "{492DB673-1D97-4E0A-ADCC-4BF551EB0D36}"
EndProject
Global
	GlobalSection(SolutionConfigurationPlatforms) = preSolution
		Debug|Any CPU = Debug|Any CPU
		Release|Any CPU = Release|Any CPU
	EndGlobalSection
	GlobalSection(ProjectConfigurationPlatforms) = postSolution
		{C5561B65-ABD5-476D-8C13-8EF084563DA9}.Debug|Any CPU.ActiveCfg = Debug|Any CPU
		{C5561B65-ABD5-476D-8C13-8EF084563DA9}.Debug|Any CPU.Build.0 = Debug|Any CPU
		{C5561B65-ABD5-476D-8C13-8EF084563DA9}.Release|Any CPU.ActiveCfg = Release|Any CPU
		{C5561B65-ABD5-476D-8C13-8EF084563DA9}.Release|Any CPU.Build.0 = Release|Any CPU
		{C2543959-F14D-4048-842E-5729287846E3}.Debug|Any CPU.ActiveCfg = Debug|Any CPU
		{C2543959-F14D-4048-842E-5729287846E3}.Debug|Any CPU.Build.0 = Debug|Any CPU
		{C2543959-F14D-4048-842E-5729287846E3}.Release|Any CPU.ActiveCfg = Release|Any CPU
		{C2543959-F14D-4048-842E-5729287846E3}.Release|Any CPU.Build.0 = Release|Any CPU
		{492DB673-1D97-4E0A-ADCC-4BF551EB0D36}.Debug|Any CPU.ActiveCfg = Debug|Any CPU
		{492DB673-1D97-4E0A-ADCC-4BF551EB0D36}.Debug|Any CPU.Build.0 = Debug|Any CPU
		{492DB673-1D97-4E0A-ADCC-4BF551EB0D36}.Release|Any CPU.ActiveCfg = Release|Any CPU
		{492DB673-1D97-4E0A-ADCC-4BF551EB0D36}.Release|Any CPU.Build.0 = Release|Any CPU
	EndGlobalSection
	GlobalSection(SolutionProperties) = preSolution
		HideSolutionNode = FALSE
	EndGlobalSection
	GlobalSection(ExtensibilityGlobals) = postSolution
		SolutionGuid = {4D870ADD-6173-4F97-AF9A-318F434972A8}
	EndGlobalSection
EndGlobal
